{
  "name": "node-deck",
  "version": "1.0.0",
  "lockfileVersion": 1,
  "requires": true,
  "dependencies": {
    "classic-deck": {
      "version": "1.0.4",
      "resolved": "https://registry.npmjs.org/classic-deck/-/classic-deck-1.0.4.tgz",
      "integrity": "sha512-DcsxVLAdMTMa1xtI7anqMsy22g7/q4JRAH/x+Tlilx81SCCTqRZGiGzgF624uCc6ixjAnfMk58TiyNFejailCQ==",
      "requires": {
        "ez-read": "^1.0.8"
      }
    },
    "ez-read": {
      "version": "1.0.9",
      "resolved": "https://registry.npmjs.org/ez-read/-/ez-read-1.0.9.tgz",
      "integrity": "sha512-L2DD64TPneImLXgAwjfgL4AUCrzBMwYTgbTA64OxT5JNp+rl2Ex9Wl5AXyvYgoRH9CtIKwG7iqlvJt9yext5sA=="
    }
  }
}
